// !$*UTF8*$!
{
	archiveVersion = 1;
	classes = {
	};
	objectVersion = 48;
	objects = {

/* Begin PBXBuildFile section */
		181179D62086348600C408A1 /* AppDelegate.m in Sources */ = {isa = PBXBuildFile; fileRef = 181179D52086348600C408A1 /* AppDelegate.m */; };
		181179D92086348600C408A1 /* ViewController.m in Sources */ = {isa = PBXBuildFile; fileRef = 181179D82086348600C408A1 /* ViewController.m */; };
		181179DC2086348600C408A1 /* Main.storyboard in Resources */ = {isa = PBXBuildFile; fileRef = 181179DA2086348600C408A1 /* Main.storyboard */; };
		181179DE2086348600C408A1 /* Assets.xcassets in Resources */ = {isa = PBXBuildFile; fileRef = 181179DD2086348600C408A1 /* Assets.xcassets */; };
		181179E12086348600C408A1 /* LaunchScreen.storyboard in Resources */ = {isa = PBXBuildFile; fileRef = 181179DF2086348600C408A1 /* LaunchScreen.storyboard */; };
		181179E42086348600C408A1 /* main.m in Sources */ = {isa = PBXBuildFile; fileRef = 181179E32086348600C408A1 /* main.m */; };
		181179EE2086348600C408A1 /* YAAppsCommunicationModeTests.m in Sources */ = {isa = PBXBuildFile; fileRef = 181179ED2086348600C408A1 /* YAAppsCommunicationModeTests.m */; };
		181179F92086348600C408A1 /* YAAppsCommunicationModeUITests.m in Sources */ = {isa = PBXBuildFile; fileRef = 181179F82086348600C408A1 /* YAAppsCommunicationModeUITests.m */; };
		18117A0B208640C100C408A1 /* YATableViewAdapter.m in Sources */ = {isa = PBXBuildFile; fileRef = 18117A0A208640C100C408A1 /* YATableViewAdapter.m */; };
		18117A0E2086422600C408A1 /* UITableView+adapter.m in Sources */ = {isa = PBXBuildFile; fileRef = 18117A0D2086422600C408A1 /* UITableView+adapter.m */; };
		18117A112086451A00C408A1 /* CommunicationAdapter.m in Sources */ = {isa = PBXBuildFile; fileRef = 18117A102086451A00C408A1 /* CommunicationAdapter.m */; };
		1833090120879180005AB55E /* YAKeyChain.m in Sources */ = {isa = PBXBuildFile; fileRef = 183308FF20879180005AB55E /* YAKeyChain.m */; };
		183309BA208B9CE3005AB55E /* YAAppsCommunicationBTests.m in Sources */ = {isa = PBXBuildFile; fileRef = 1833099B208B9CE3005AB55E /* YAAppsCommunicationBTests.m */; };
		183309BB208B9CE3005AB55E /* Info.plist in Resources */ = {isa = PBXBuildFile; fileRef = 1833099C208B9CE3005AB55E /* Info.plist */; };
		183309BC208B9CE3005AB55E /* Assets.xcassets in Resources */ = {isa = PBXBuildFile; fileRef = 183309A0208B9CE3005AB55E /* Assets.xcassets */; };
		183309BD208B9CE3005AB55E /* ViewController.m in Sources */ = {isa = PBXBuildFile; fileRef = 183309A1208B9CE3005AB55E /* ViewController.m */; };
		183309BE208B9CE3005AB55E /* LaunchScreen.storyboard in Resources */ = {isa = PBXBuildFile; fileRef = 183309A2208B9CE3005AB55E /* LaunchScreen.storyboard */; };
		183309BF208B9CE3005AB55E /* Main.storyboard in Resources */ = {isa = PBXBuildFile; fileRef = 183309A4208B9CE3005AB55E /* Main.storyboard */; };
		183309C0208B9CE3005AB55E /* main.m in Sources */ = {isa = PBXBuildFile; fileRef = 183309A8208B9CE3005AB55E /* main.m */; };
		183309C1208B9CE3005AB55E /* YAKeyChain.m in Sources */ = {isa = PBXBuildFile; fileRef = 183309A9208B9CE3005AB55E /* YAKeyChain.m */; };
		183309C2208B9CE3005AB55E /* AppDelegate.m in Sources */ = {isa = PBXBuildFile; fileRef = 183309AA208B9CE3005AB55E /* AppDelegate.m */; };
		183309C3208B9CE3005AB55E /* YACheckData.m in Sources */ = {isa = PBXBuildFile; fileRef = 183309AB208B9CE3005AB55E /* YACheckData.m */; };
		183309C4208B9CE3005AB55E /* Info.plist in Resources */ = {isa = PBXBuildFile; fileRef = 183309AC208B9CE3005AB55E /* Info.plist */; };
		183309C5208B9CE3005AB55E /* YAAppsCommunicationBUITests.m in Sources */ = {isa = PBXBuildFile; fileRef = 183309AF208B9CE3005AB55E /* YAAppsCommunicationBUITests.m */; };
		183309C6208B9CE3005AB55E /* Info.plist in Resources */ = {isa = PBXBuildFile; fileRef = 183309B0208B9CE3005AB55E /* Info.plist */; };
		18B74BA920872D140023833B /* YAAppsCommunication.m in Sources */ = {isa = PBXBuildFile; fileRef = 18B74BA820872D140023833B /* YAAppsCommunication.m */; };
		18B74BAC208732000023833B /* Security.framework in Frameworks */ = {isa = PBXBuildFile; fileRef = 18B74BAB208732000023833B /* Security.framework */; };
/* End PBXBuildFile section */

/* Begin PBXContainerItemProxy section */
		181179EA2086348600C408A1 /* PBXContainerItemProxy */ = {
			isa = PBXContainerItemProxy;
			containerPortal = 181179C92086348600C408A1 /* Project object */;
			proxyType = 1;
			remoteGlobalIDString = 181179D02086348600C408A1;
			remoteInfo = YAAppsCommunicationMode;
		};
		181179F52086348600C408A1 /* PBXContainerItemProxy */ = {
			isa = PBXContainerItemProxy;
			containerPortal = 181179C92086348600C408A1 /* Project object */;
			proxyType = 1;
			remoteGlobalIDString = 181179D02086348600C408A1;
			remoteInfo = YAAppsCommunicationMode;
		};
		183309B4208B9CE3005AB55E /* PBXContainerItemProxy */ = {
			isa = PBXContainerItemProxy;
			containerPortal = 18330997208B9CE2005AB55E /* YAAppsCommunicationB.xcodeproj */;
			proxyType = 2;
			remoteGlobalIDString = 18117A1B2086D97B00C408A1;
			remoteInfo = YAAppsCommunicationB;
		};
		183309B6208B9CE3005AB55E /* PBXContainerItemProxy */ = {
			isa = PBXContainerItemProxy;
			containerPortal = 18330997208B9CE2005AB55E /* YAAppsCommunicationB.xcodeproj */;
			proxyType = 2;
			remoteGlobalIDString = 18117A332086D97B00C408A1;
			remoteInfo = YAAppsCommunicationBTests;
		};
		183309B8208B9CE3005AB55E /* PBXContainerItemProxy */ = {
			isa = PBXContainerItemProxy;
			containerPortal = 18330997208B9CE2005AB55E /* YAAppsCommunicationB.xcodeproj */;
			proxyType = 2;
			remoteGlobalIDString = 18117A3E2086D97C00C408A1;
			remoteInfo = YAAppsCommunicationBUITests;
		};
/* End PBXContainerItemProxy section */

/* Begin PBXFileReference section */
		181179D12086348600C408A1 /* YAAppsCommunicationMode.app */ = {isa = PBXFileReference; explicitFileType = wrapper.application; includeInIndex = 0; path = YAAppsCommunicationMode.app; sourceTree = BUILT_PRODUCTS_DIR; };
		181179D42086348600C408A1 /* AppDelegate.h */ = {isa = PBXFileReference; lastKnownFileType = sourcecode.c.h; path = AppDelegate.h; sourceTree = "<group>"; };
		181179D52086348600C408A1 /* AppDelegate.m */ = {isa = PBXFileReference; lastKnownFileType = sourcecode.c.objc; path = AppDelegate.m; sourceTree = "<group>"; };
		181179D72086348600C408A1 /* ViewController.h */ = {isa = PBXFileReference; lastKnownFileType = sourcecode.c.h; path = ViewController.h; sourceTree = "<group>"; };
		181179D82086348600C408A1 /* ViewController.m */ = {isa = PBXFileReference; lastKnownFileType = sourcecode.c.objc; path = ViewController.m; sourceTree = "<group>"; };
		181179DB2086348600C408A1 /* Base */ = {isa = PBXFileReference; lastKnownFileType = file.storyboard; name = Base; path = Base.lproj/Main.storyboard; sourceTree = "<group>"; };
		181179DD2086348600C408A1 /* Assets.xcassets */ = {isa = PBXFileReference; lastKnownFileType = folder.assetcatalog; path = Assets.xcassets; sourceTree = "<group>"; };
		181179E02086348600C408A1 /* Base */ = {isa = PBXFileReference; lastKnownFileType = file.storyboard; name = Base; path = Base.lproj/LaunchScreen.storyboard; sourceTree = "<group>"; };
		181179E22086348600C408A1 /* Info.plist */ = {isa = PBXFileReference; lastKnownFileType = text.plist.xml; path = Info.plist; sourceTree = "<group>"; };
		181179E32086348600C408A1 /* main.m */ = {isa = PBXFileReference; lastKnownFileType = sourcecode.c.objc; path = main.m; sourceTree = "<group>"; };
		181179E92086348600C408A1 /* YAAppsCommunicationModeTests.xctest */ = {isa = PBXFileReference; explicitFileType = wrapper.cfbundle; includeInIndex = 0; path = YAAppsCommunicationModeTests.xctest; sourceTree = BUILT_PRODUCTS_DIR; };
		181179ED2086348600C408A1 /* YAAppsCommunicationModeTests.m */ = {isa = PBXFileReference; lastKnownFileType = sourcecode.c.objc; path = YAAppsCommunicationModeTests.m; sourceTree = "<group>"; };
		181179EF2086348600C408A1 /* Info.plist */ = {isa = PBXFileReference; lastKnownFileType = text.plist.xml; path = Info.plist; sourceTree = "<group>"; };
		181179F42086348600C408A1 /* YAAppsCommunicationModeUITests.xctest */ = {isa = PBXFileReference; explicitFileType = wrapper.cfbundle; includeInIndex = 0; path = YAAppsCommunicationModeUITests.xctest; sourceTree = BUILT_PRODUCTS_DIR; };
		181179F82086348600C408A1 /* YAAppsCommunicationModeUITests.m */ = {isa = PBXFileReference; lastKnownFileType = sourcecode.c.objc; path = YAAppsCommunicationModeUITests.m; sourceTree = "<group>"; };
		181179FA2086348600C408A1 /* Info.plist */ = {isa = PBXFileReference; lastKnownFileType = text.plist.xml; path = Info.plist; sourceTree = "<group>"; };
		18117A0720863EAE00C408A1 /* en */ = {isa = PBXFileReference; lastKnownFileType = text.plist.strings; name = en; path = en.lproj/Main.strings; sourceTree = "<group>"; };
		18117A09208640C100C408A1 /* YATableViewAdapter.h */ = {isa = PBXFileReference; lastKnownFileType = sourcecode.c.h; path = YATableViewAdapter.h; sourceTree = "<group>"; };
		18117A0A208640C100C408A1 /* YATableViewAdapter.m */ = {isa = PBXFileReference; lastKnownFileType = sourcecode.c.objc; path = YATableViewAdapter.m; sourceTree = "<group>"; };
		18117A0C2086422600C408A1 /* UITableView+adapter.h */ = {isa = PBXFileReference; lastKnownFileType = sourcecode.c.h; path = "UITableView+adapter.h"; sourceTree = "<group>"; };
		18117A0D2086422600C408A1 /* UITableView+adapter.m */ = {isa = PBXFileReference; lastKnownFileType = sourcecode.c.objc; path = "UITableView+adapter.m"; sourceTree = "<group>"; };
		18117A0F2086451A00C408A1 /* CommunicationAdapter.h */ = {isa = PBXFileReference; lastKnownFileType = sourcecode.c.h; path = CommunicationAdapter.h; sourceTree = "<group>"; };
		18117A102086451A00C408A1 /* CommunicationAdapter.m */ = {isa = PBXFileReference; lastKnownFileType = sourcecode.c.objc; path = CommunicationAdapter.m; sourceTree = "<group>"; };
		183308FF20879180005AB55E /* YAKeyChain.m */ = {isa = PBXFileReference; fileEncoding = 4; lastKnownFileType = sourcecode.c.objc; path = YAKeyChain.m; sourceTree = "<group>"; };
		1833090020879180005AB55E /* YAKeyChain.h */ = {isa = PBXFileReference; fileEncoding = 4; lastKnownFileType = sourcecode.c.h; path = YAKeyChain.h; sourceTree = "<group>"; };
		1833093020886001005AB55E /* YAAppsCommunicationMode.entitlements */ = {isa = PBXFileReference; lastKnownFileType = text.plist.entitlements; path = YAAppsCommunicationMode.entitlements; sourceTree = "<group>"; };
		18330997208B9CE2005AB55E /* YAAppsCommunicationB.xcodeproj */ = {isa = PBXFileReference; lastKnownFileType = "wrapper.pb-project"; path = YAAppsCommunicationB.xcodeproj; sourceTree = "<group>"; };
		1833099B208B9CE3005AB55E /* YAAppsCommunicationBTests.m */ = {isa = PBXFileReference; fileEncoding = 4; lastKnownFileType = sourcecode.c.objc; path = YAAppsCommunicationBTests.m; sourceTree = "<group>"; };
		1833099C208B9CE3005AB55E /* Info.plist */ = {isa = PBXFileReference; fileEncoding = 4; lastKnownFileType = text.plist.xml; path = Info.plist; sourceTree = "<group>"; };
		1833099E208B9CE3005AB55E /* AppDelegate.h */ = {isa = PBXFileReference; fileEncoding = 4; lastKnownFileType = sourcecode.c.h; path = AppDelegate.h; sourceTree = "<group>"; };
		1833099F208B9CE3005AB55E /* YAKeyChain.h */ = {isa = PBXFileReference; fileEncoding = 4; lastKnownFileType = sourcecode.c.h; path = YAKeyChain.h; sourceTree = "<group>"; };
		183309A0208B9CE3005AB55E /* Assets.xcassets */ = {isa = PBXFileReference; lastKnownFileType = folder.assetcatalog; path = Assets.xcassets; sourceTree = "<group>"; };
		183309A1208B9CE3005AB55E /* ViewController.m */ = {isa = PBXFileReference; fileEncoding = 4; lastKnownFileType = sourcecode.c.objc; path = ViewController.m; sourceTree = "<group>"; };
		183309A3208B9CE3005AB55E /* Base */ = {isa = PBXFileReference; lastKnownFileType = file.storyboard; name = Base; path = Base.lproj/LaunchScreen.storyboard; sourceTree = "<group>"; };
		183309A5208B9CE3005AB55E /* Base */ = {isa = PBXFileReference; lastKnownFileType = file.storyboard; name = Base; path = Base.lproj/Main.storyboard; sourceTree = "<group>"; };
		183309A6208B9CE3005AB55E /* YACheckData.h */ = {isa = PBXFileReference; fileEncoding = 4; lastKnownFileType = sourcecode.c.h; path = YACheckData.h; sourceTree = "<group>"; };
		183309A7208B9CE3005AB55E /* YAAppsCommunicationB.entitlements */ = {isa = PBXFileReference; fileEncoding = 4; lastKnownFileType = text.plist.entitlements; path = YAAppsCommunicationB.entitlements; sourceTree = "<group>"; };
		183309A8208B9CE3005AB55E /* main.m */ = {isa = PBXFileReference; fileEncoding = 4; lastKnownFileType = sourcecode.c.objc; path = main.m; sourceTree = "<group>"; };
		183309A9208B9CE3005AB55E /* YAKeyChain.m */ = {isa = PBXFileReference; fileEncoding = 4; lastKnownFileType = sourcecode.c.objc; path = YAKeyChain.m; sourceTree = "<group>"; };
		183309AA208B9CE3005AB55E /* AppDelegate.m */ = {isa = PBXFileReference; fileEncoding = 4; lastKnownFileType = sourcecode.c.objc; path = AppDelegate.m; sourceTree = "<group>"; };
		183309AB208B9CE3005AB55E /* YACheckData.m */ = {isa = PBXFileReference; fileEncoding = 4; lastKnownFileType = sourcecode.c.objc; path = YACheckData.m; sourceTree = "<group>"; };
		183309AC208B9CE3005AB55E /* Info.plist */ = {isa = PBXFileReference; fileEncoding = 4; lastKnownFileType = text.plist.xml; path = Info.plist; sourceTree = "<group>"; };
		183309AD208B9CE3005AB55E /* ViewController.h */ = {isa = PBXFileReference; fileEncoding = 4; lastKnownFileType = sourcecode.c.h; path = ViewController.h; sourceTree = "<group>"; };
		183309AF208B9CE3005AB55E /* YAAppsCommunicationBUITests.m */ = {isa = PBXFileReference; fileEncoding = 4; lastKnownFileType = sourcecode.c.objc; path = YAAppsCommunicationBUITests.m; sourceTree = "<group>"; };
		183309B0208B9CE3005AB55E /* Info.plist */ = {isa = PBXFileReference; fileEncoding = 4; lastKnownFileType = text.plist.xml; path = Info.plist; sourceTree = "<group>"; };
		18B74BA720872D140023833B /* YAAppsCommunication.h */ = {isa = PBXFileReference; lastKnownFileType = sourcecode.c.h; path = YAAppsCommunication.h; sourceTree = "<group>"; };
		18B74BA820872D140023833B /* YAAppsCommunication.m */ = {isa = PBXFileReference; lastKnownFileType = sourcecode.c.objc; path = YAAppsCommunication.m; sourceTree = "<group>"; };
		18B74BAB208732000023833B /* Security.framework */ = {isa = PBXFileReference; lastKnownFileType = wrapper.framework; name = Security.framework; path = System/Library/Frameworks/Security.framework; sourceTree = SDKROOT; };
/* End PBXFileReference section */

/* Begin PBXFrameworksBuildPhase section */
		181179CE2086348600C408A1 /* Frameworks */ = {
			isa = PBXFrameworksBuildPhase;
			buildActionMask = 2147483647;
			files = (
				18B74BAC208732000023833B /* Security.framework in Frameworks */,
			);
			runOnlyForDeploymentPostprocessing = 0;
		};
		181179E62086348600C408A1 /* Frameworks */ = {
			isa = PBXFrameworksBuildPhase;
			buildActionMask = 2147483647;
			files = (
			);
			runOnlyForDeploymentPostprocessing = 0;
		};
		181179F12086348600C408A1 /* Frameworks */ = {
			isa = PBXFrameworksBuildPhase;
			buildActionMask = 2147483647;
			files = (
			);
			runOnlyForDeploymentPostprocessing = 0;
		};
/* End PBXFrameworksBuildPhase section */

/* Begin PBXGroup section */
		181179C82086348600C408A1 = {
			isa = PBXGroup;
			children = (
				18330996208B9CE2005AB55E /* YAAppsCommunicationB */,
				181179D32086348600C408A1 /* YAAppsCommunicationMode */,
				181179EC2086348600C408A1 /* YAAppsCommunicationModeTests */,
				181179F72086348600C408A1 /* YAAppsCommunicationModeUITests */,
				181179D22086348600C408A1 /* Products */,
				18B74BAA208732000023833B /* Frameworks */,
			);
			sourceTree = "<group>";
		};
		181179D22086348600C408A1 /* Products */ = {
			isa = PBXGroup;
			children = (
				181179D12086348600C408A1 /* YAAppsCommunicationMode.app */,
				181179E92086348600C408A1 /* YAAppsCommunicationModeTests.xctest */,
				181179F42086348600C408A1 /* YAAppsCommunicationModeUITests.xctest */,
			);
			name = Products;
			sourceTree = "<group>";
		};
		181179D32086348600C408A1 /* YAAppsCommunicationMode */ = {
			isa = PBXGroup;
			children = (
				1833093020886001005AB55E /* YAAppsCommunicationMode.entitlements */,
				1833090020879180005AB55E /* YAKeyChain.h */,
				183308FF20879180005AB55E /* YAKeyChain.m */,
				18117A08208640A200C408A1 /* Adapter */,
				181179D42086348600C408A1 /* AppDelegate.h */,
				181179D52086348600C408A1 /* AppDelegate.m */,
				181179D72086348600C408A1 /* ViewController.h */,
				181179D82086348600C408A1 /* ViewController.m */,
				18117A0F2086451A00C408A1 /* CommunicationAdapter.h */,
				18117A102086451A00C408A1 /* CommunicationAdapter.m */,
				18B74BA720872D140023833B /* YAAppsCommunication.h */,
				18B74BA820872D140023833B /* YAAppsCommunication.m */,
				181179DA2086348600C408A1 /* Main.storyboard */,
				181179DD2086348600C408A1 /* Assets.xcassets */,
				181179DF2086348600C408A1 /* LaunchScreen.storyboard */,
				181179E22086348600C408A1 /* Info.plist */,
				181179E32086348600C408A1 /* main.m */,
			);
			path = YAAppsCommunicationMode;
			sourceTree = "<group>";
		};
		181179EC2086348600C408A1 /* YAAppsCommunicationModeTests */ = {
			isa = PBXGroup;
			children = (
				181179ED2086348600C408A1 /* YAAppsCommunicationModeTests.m */,
				181179EF2086348600C408A1 /* Info.plist */,
			);
			path = YAAppsCommunicationModeTests;
			sourceTree = "<group>";
		};
		181179F72086348600C408A1 /* YAAppsCommunicationModeUITests */ = {
			isa = PBXGroup;
			children = (
				181179F82086348600C408A1 /* YAAppsCommunicationModeUITests.m */,
				181179FA2086348600C408A1 /* Info.plist */,
			);
			path = YAAppsCommunicationModeUITests;
			sourceTree = "<group>";
		};
		18117A08208640A200C408A1 /* Adapter */ = {
			isa = PBXGroup;
			children = (
				18117A09208640C100C408A1 /* YATableViewAdapter.h */,
				18117A0A208640C100C408A1 /* YATableViewAdapter.m */,
				18117A0C2086422600C408A1 /* UITableView+adapter.h */,
				18117A0D2086422600C408A1 /* UITableView+adapter.m */,
			);
			path = Adapter;
			sourceTree = "<group>";
		};
		18330996208B9CE2005AB55E /* YAAppsCommunicationB */ = {
			isa = PBXGroup;
			children = (
				18330997208B9CE2005AB55E /* YAAppsCommunicationB.xcodeproj */,
				1833099A208B9CE3005AB55E /* YAAppsCommunicationBTests */,
				1833099D208B9CE3005AB55E /* YAAppsCommunicationB */,
				183309AE208B9CE3005AB55E /* YAAppsCommunicationBUITests */,
			);
			path = YAAppsCommunicationB;
			sourceTree = "<group>";
		};
		18330998208B9CE2005AB55E /* Products */ = {
			isa = PBXGroup;
			children = (
				183309B5208B9CE3005AB55E /* YAAppsCommunicationB.app */,
				183309B7208B9CE3005AB55E /* YAAppsCommunicationBTests.xctest */,
				183309B9208B9CE3005AB55E /* YAAppsCommunicationBUITests.xctest */,
			);
			name = Products;
			sourceTree = "<group>";
		};
		1833099A208B9CE3005AB55E /* YAAppsCommunicationBTests */ = {
			isa = PBXGroup;
			children = (
				1833099B208B9CE3005AB55E /* YAAppsCommunicationBTests.m */,
				1833099C208B9CE3005AB55E /* Info.plist */,
			);
			path = YAAppsCommunicationBTests;
			sourceTree = "<group>";
		};
		1833099D208B9CE3005AB55E /* YAAppsCommunicationB */ = {
			isa = PBXGroup;
			children = (
				1833099E208B9CE3005AB55E /* AppDelegate.h */,
				1833099F208B9CE3005AB55E /* YAKeyChain.h */,
				183309A0208B9CE3005AB55E /* Assets.xcassets */,
				183309A1208B9CE3005AB55E /* ViewController.m */,
				183309A2208B9CE3005AB55E /* LaunchScreen.storyboard */,
				183309A4208B9CE3005AB55E /* Main.storyboard */,
				183309A6208B9CE3005AB55E /* YACheckData.h */,
				183309A7208B9CE3005AB55E /* YAAppsCommunicationB.entitlements */,
				183309A8208B9CE3005AB55E /* main.m */,
				183309A9208B9CE3005AB55E /* YAKeyChain.m */,
				183309AA208B9CE3005AB55E /* AppDelegate.m */,
				183309AB208B9CE3005AB55E /* YACheckData.m */,
				183309AC208B9CE3005AB55E /* Info.plist */,
				183309AD208B9CE3005AB55E /* ViewController.h */,
			);
			path = YAAppsCommunicationB;
			sourceTree = "<group>";
		};
		183309AE208B9CE3005AB55E /* YAAppsCommunicationBUITests */ = {
			isa = PBXGroup;
			children = (
				183309AF208B9CE3005AB55E /* YAAppsCommunicationBUITests.m */,
				183309B0208B9CE3005AB55E /* Info.plist */,
			);
			path = YAAppsCommunicationBUITests;
			sourceTree = "<group>";
		};
		18B74BAA208732000023833B /* Frameworks */ = {
			isa = PBXGroup;
			children = (
				18B74BAB208732000023833B /* Security.framework */,
			);
			name = Frameworks;
			sourceTree = "<group>";
		};
/* End PBXGroup section */

/* Begin PBXNativeTarget section */
		181179D02086348600C408A1 /* YAAppsCommunicationMode */ = {
			isa = PBXNativeTarget;
			buildConfigurationList = 181179FD2086348600C408A1 /* Build configuration list for PBXNativeTarget "YAAppsCommunicationMode" */;
			buildPhases = (
				181179CD2086348600C408A1 /* Sources */,
				181179CE2086348600C408A1 /* Frameworks */,
				181179CF2086348600C408A1 /* Resources */,
			);
			buildRules = (
			);
			dependencies = (
			);
			name = YAAppsCommunicationMode;
			productName = YAAppsCommunicationMode;
			productReference = 181179D12086348600C408A1 /* YAAppsCommunicationMode.app */;
			productType = "com.apple.product-type.application";
		};
		181179E82086348600C408A1 /* YAAppsCommunicationModeTests */ = {
			isa = PBXNativeTarget;
			buildConfigurationList = 18117A002086348600C408A1 /* Build configuration list for PBXNativeTarget "YAAppsCommunicationModeTests" */;
			buildPhases = (
				181179E52086348600C408A1 /* Sources */,
				181179E62086348600C408A1 /* Frameworks */,
				181179E72086348600C408A1 /* Resources */,
			);
			buildRules = (
			);
			dependencies = (
				181179EB2086348600C408A1 /* PBXTargetDependency */,
			);
			name = YAAppsCommunicationModeTests;
			productName = YAAppsCommunicationModeTests;
			productReference = 181179E92086348600C408A1 /* YAAppsCommunicationModeTests.xctest */;
			productType = "com.apple.product-type.bundle.unit-test";
		};
		181179F32086348600C408A1 /* YAAppsCommunicationModeUITests */ = {
			isa = PBXNativeTarget;
			buildConfigurationList = 18117A032086348600C408A1 /* Build configuration list for PBXNativeTarget "YAAppsCommunicationModeUITests" */;
			buildPhases = (
				181179F02086348600C408A1 /* Sources */,
				181179F12086348600C408A1 /* Frameworks */,
				181179F22086348600C408A1 /* Resources */,
			);
			buildRules = (
			);
			dependencies = (
				181179F62086348600C408A1 /* PBXTargetDependency */,
			);
			name = YAAppsCommunicationModeUITests;
			productName = YAAppsCommunicationModeUITests;
			productReference = 181179F42086348600C408A1 /* YAAppsCommunicationModeUITests.xctest */;
			productType = "com.apple.product-type.bundle.ui-testing";
		};
/* End PBXNativeTarget section */

/* Begin PBXProject section */
		181179C92086348600C408A1 /* Project object */ = {
			isa = PBXProject;
			attributes = {
				LastUpgradeCheck = 0930;
				ORGANIZATIONNAME = lanjiying_Angelia;
				TargetAttributes = {
					181179D02086348600C408A1 = {
						CreatedOnToolsVersion = 9.0;
						ProvisioningStyle = Automatic;
						SystemCapabilities = {
							com.apple.Keychain = {
								enabled = 1;
							};
						};
					};
					181179E82086348600C408A1 = {
						CreatedOnToolsVersion = 9.0;
						ProvisioningStyle = Automatic;
						TestTargetID = 181179D02086348600C408A1;
					};
					181179F32086348600C408A1 = {
						CreatedOnToolsVersion = 9.0;
						ProvisioningStyle = Automatic;
						TestTargetID = 181179D02086348600C408A1;
					};
				};
			};
			buildConfigurationList = 181179CC2086348600C408A1 /* Build configuration list for PBXProject "YAAppsCommunicationMode" */;
			compatibilityVersion = "Xcode 8.0";
			developmentRegion = en;
			hasScannedForEncodings = 0;
			knownRegions = (
				en,
				Base,
			);
			mainGroup = 181179C82086348600C408A1;
			productRefGroup = 181179D22086348600C408A1 /* Products */;
			projectDirPath = "";
			projectReferences = (
				{
					ProductGroup = 18330998208B9CE2005AB55E /* Products */;
					ProjectRef = 18330997208B9CE2005AB55E /* YAAppsCommunicationB.xcodeproj */;
				},
			);
			projectRoot = "";
			targets = (
				181179D02086348600C408A1 /* YAAppsCommunicationMode */,
				181179E82086348600C408A1 /* YAAppsCommunicationModeTests */,
				181179F32086348600C408A1 /* YAAppsCommunicationModeUITests */,
			);
		};
/* End PBXProject section */

/* Begin PBXReferenceProxy section */
		183309B5208B9CE3005AB55E /* YAAppsCommunicationB.app */ = {
			isa = PBXReferenceProxy;
			fileType = wrapper.application;
			path = YAAppsCommunicationB.app;
			remoteRef = 183309B4208B9CE3005AB55E /* PBXContainerItemProxy */;
			sourceTree = BUILT_PRODUCTS_DIR;
		};
		183309B7208B9CE3005AB55E /* YAAppsCommunicationBTests.xctest */ = {
			isa = PBXReferenceProxy;
			fileType = wrapper.cfbundle;
			path = YAAppsCommunicationBTests.xctest;
			remoteRef = 183309B6208B9CE3005AB55E /* PBXContainerItemProxy */;
			sourceTree = BUILT_PRODUCTS_DIR;
		};
		183309B9208B9CE3005AB55E /* YAAppsCommunicationBUITests.xctest */ = {
			isa = PBXReferenceProxy;
			fileType = wrapper.cfbundle;
			path = YAAppsCommunicationBUITests.xctest;
			remoteRef = 183309B8208B9CE3005AB55E /* PBXContainerItemProxy */;
			sourceTree = BUILT_PRODUCTS_DIR;
		};
/* End PBXReferenceProxy section */

/* Begin PBXResourcesBuildPhase section */
		181179CF2086348600C408A1 /* Resources */ = {
			isa = PBXResourcesBuildPhase;
			buildActionMask = 2147483647;
			files = (
				183309C4208B9CE3005AB55E /* Info.plist in Resources */,
				183309BF208B9CE3005AB55E /* Main.storyboard in Resources */,
				183309C6208B9CE3005AB55E /* Info.plist in Resources */,
				183309BB208B9CE3005AB55E /* Info.plist in Resources */,
				181179E12086348600C408A1 /* LaunchScreen.storyboard in Resources */,
				181179DE2086348600C408A1 /* Assets.xcassets in Resources */,
				183309BE208B9CE3005AB55E /* LaunchScreen.storyboard in Resources */,
				181179DC2086348600C408A1 /* Main.storyboard in Resources */,
				183309BC208B9CE3005AB55E /* Assets.xcassets in Resources */,
			);
			runOnlyForDeploymentPostprocessing = 0;
		};
		181179E72086348600C408A1 /* Resources */ = {
			isa = PBXResourcesBuildPhase;
			buildActionMask = 2147483647;
			files = (
			);
			runOnlyForDeploymentPostprocessing = 0;
		};
		181179F22086348600C408A1 /* Resources */ = {
			isa = PBXResourcesBuildPhase;
			buildActionMask = 2147483647;
			files = (
			);
			runOnlyForDeploymentPostprocessing = 0;
		};
/* End PBXResourcesBuildPhase section */

/* Begin PBXSourcesBuildPhase section */
		181179CD2086348600C408A1 /* Sources */ = {
			isa = PBXSourcesBuildPhase;
			buildActionMask = 2147483647;
			files = (
				18117A0E2086422600C408A1 /* UITableView+adapter.m in Sources */,
				181179D92086348600C408A1 /* ViewController.m in Sources */,
				18B74BA920872D140023833B /* YAAppsCommunication.m in Sources */,
				183309BA208B9CE3005AB55E /* YAAppsCommunicationBTests.m in Sources */,
				183309BD208B9CE3005AB55E /* ViewController.m in Sources */,
				183309C1208B9CE3005AB55E /* YAKeyChain.m in Sources */,
				18117A112086451A00C408A1 /* CommunicationAdapter.m in Sources */,
				183309C2208B9CE3005AB55E /* AppDelegate.m in Sources */,
				18117A0B208640C100C408A1 /* YATableViewAdapter.m in Sources */,
				1833090120879180005AB55E /* YAKeyChain.m in Sources */,
				183309C3208B9CE3005AB55E /* YACheckData.m in Sources */,
				181179E42086348600C408A1 /* main.m in Sources */,
				183309C0208B9CE3005AB55E /* main.m in Sources */,
				183309C5208B9CE3005AB55E /* YAAppsCommunicationBUITests.m in Sources */,
				181179D62086348600C408A1 /* AppDelegate.m in Sources */,
			);
			runOnlyForDeploymentPostprocessing = 0;
		};
		181179E52086348600C408A1 /* Sources */ = {
			isa = PBXSourcesBuildPhase;
			buildActionMask = 2147483647;
			files = (
				181179EE2086348600C408A1 /* YAAppsCommunicationModeTests.m in Sources */,
			);
			runOnlyForDeploymentPostprocessing = 0;
		};
		181179F02086348600C408A1 /* Sources */ = {
			isa = PBXSourcesBuildPhase;
			buildActionMask = 2147483647;
			files = (
				181179F92086348600C408A1 /* YAAppsCommunicationModeUITests.m in Sources */,
			);
			runOnlyForDeploymentPostprocessing = 0;
		};
/* End PBXSourcesBuildPhase section */

/* Begin PBXTargetDependency section */
		181179EB2086348600C408A1 /* PBXTargetDependency */ = {
			isa = PBXTargetDependency;
			target = 181179D02086348600C408A1 /* YAAppsCommunicationMode */;
			targetProxy = 181179EA2086348600C408A1 /* PBXContainerItemProxy */;
		};
		181179F62086348600C408A1 /* PBXTargetDependency */ = {
			isa = PBXTargetDependency;
			target = 181179D02086348600C408A1 /* YAAppsCommunicationMode */;
			targetProxy = 181179F52086348600C408A1 /* PBXContainerItemProxy */;
		};
/* End PBXTargetDependency section */

/* Begin PBXVariantGroup section */
		181179DA2086348600C408A1 /* Main.storyboard */ = {
			isa = PBXVariantGroup;
			children = (
				181179DB2086348600C408A1 /* Base */,
				18117A0720863EAE00C408A1 /* en */,
			);
			name = Main.storyboard;
			sourceTree = "<group>";
		};
		181179DF2086348600C408A1 /* LaunchScreen.storyboard */ = {
			isa = PBXVariantGroup;
			children = (
				181179E02086348600C408A1 /* Base */,
			);
			name = LaunchScreen.storyboard;
			sourceTree = "<group>";
		};
		183309A2208B9CE3005AB55E /* LaunchScreen.storyboard */ = {
			isa = PBXVariantGroup;
			children = (
				183309A3208B9CE3005AB55E /* Base */,
			);
			name = LaunchScreen.storyboard;
			sourceTree = "<group>";
		};
		183309A4208B9CE3005AB55E /* Main.storyboard */ = {
			isa = PBXVariantGroup;
			children = (
				183309A5208B9CE3005AB55E /* Base */,
			);
			name = Main.storyboard;
			sourceTree = "<group>";
		};
/* End PBXVariantGroup section */

/* Begin XCBuildConfiguration section */
		181179FB2086348600C408A1 /* Debug */ = {
			isa = XCBuildConfiguration;
			buildSettings = {
				ALWAYS_SEARCH_USER_PATHS = NO;
				CLANG_ANALYZER_NONNULL = YES;
				CLANG_ANALYZER_NUMBER_OBJECT_CONVERSION = YES_AGGRESSIVE;
				CLANG_CXX_LANGUAGE_STANDARD = "gnu++14";
				CLANG_CXX_LIBRARY = "libc++";
				CLANG_ENABLE_MODULES = YES;
				CLANG_ENABLE_OBJC_ARC = YES;
				CLANG_WARN_BLOCK_CAPTURE_AUTORELEASING = YES;
				CLANG_WARN_BOOL_CONVERSION = YES;
				CLANG_WARN_COMMA = YES;
				CLANG_WARN_CONSTANT_CONVERSION = YES;
				CLANG_WARN_DEPRECATED_OBJC_IMPLEMENTATIONS = YES;
				CLANG_WARN_DIRECT_OBJC_ISA_USAGE = YES_ERROR;
				CLANG_WARN_DOCUMENTATION_COMMENTS = YES;
				CLANG_WARN_EMPTY_BODY = YES;
				CLANG_WARN_ENUM_CONVERSION = YES;
				CLANG_WARN_INFINITE_RECURSION = YES;
				CLANG_WARN_INT_CONVERSION = YES;
				CLANG_WARN_NON_LITERAL_NULL_CONVERSION = YES;
				CLANG_WARN_OBJC_IMPLICIT_RETAIN_SELF = YES;
				CLANG_WARN_OBJC_LITERAL_CONVERSION = YES;
				CLANG_WARN_OBJC_ROOT_CLASS = YES_ERROR;
				CLANG_WARN_RANGE_LOOP_ANALYSIS = YES;
				CLANG_WARN_STRICT_PROTOTYPES = YES;
				CLANG_WARN_SUSPICIOUS_MOVE = YES;
				CLANG_WARN_UNGUARDED_AVAILABILITY = YES_AGGRESSIVE;
				CLANG_WARN_UNREACHABLE_CODE = YES;
				CLANG_WARN__DUPLICATE_METHOD_MATCH = YES;
				CODE_SIGN_IDENTITY = "iPhone Developer";
				COPY_PHASE_STRIP = NO;
				DEBUG_INFORMATION_FORMAT = dwarf;
				ENABLE_STRICT_OBJC_MSGSEND = YES;
				ENABLE_TESTABILITY = YES;
				GCC_C_LANGUAGE_STANDARD = gnu11;
				GCC_DYNAMIC_NO_PIC = NO;
				GCC_NO_COMMON_BLOCKS = YES;
				GCC_OPTIMIZATION_LEVEL = 0;
				GCC_PREPROCESSOR_DEFINITIONS = (
					"DEBUG=1",
					"$(inherited)",
				);
				GCC_WARN_64_TO_32_BIT_CONVERSION = YES;
				GCC_WARN_ABOUT_RETURN_TYPE = YES_ERROR;
				GCC_WARN_UNDECLARED_SELECTOR = YES;
				GCC_WARN_UNINITIALIZED_AUTOS = YES_AGGRESSIVE;
				GCC_WARN_UNUSED_FUNCTION = YES;
				GCC_WARN_UNUSED_VARIABLE = YES;
				IPHONEOS_DEPLOYMENT_TARGET = 11.0;
				MTL_ENABLE_DEBUG_INFO = YES;
				ONLY_ACTIVE_ARCH = YES;
				SDKROOT = iphoneos;
			};
			name = Debug;
		};
		181179FC2086348600C408A1 /* Release */ = {
			isa = XCBuildConfiguration;
			buildSettings = {
				ALWAYS_SEARCH_USER_PATHS = NO;
				CLANG_ANALYZER_NONNULL = YES;
				CLANG_ANALYZER_NUMBER_OBJECT_CONVERSION = YES_AGGRESSIVE;
				CLANG_CXX_LANGUAGE_STANDARD = "gnu++14";
				CLANG_CXX_LIBRARY = "libc++";
				CLANG_ENABLE_MODULES = YES;
				CLANG_ENABLE_OBJC_ARC = YES;
				CLANG_WARN_BLOCK_CAPTURE_AUTORELEASING = YES;
				CLANG_WARN_BOOL_CONVERSION = YES;
				CLANG_WARN_COMMA = YES;
				CLANG_WARN_CONSTANT_CONVERSION = YES;
				CLANG_WARN_DEPRECATED_OBJC_IMPLEMENTATIONS = YES;
				CLANG_WARN_DIRECT_OBJC_ISA_USAGE = YES_ERROR;
				CLANG_WARN_DOCUMENTATION_COMMENTS = YES;
				CLANG_WARN_EMPTY_BODY = YES;
				CLANG_WARN_ENUM_CONVERSION = YES;
				CLANG_WARN_INFINITE_RECURSION = YES;
				CLANG_WARN_INT_CONVERSION = YES;
				CLANG_WARN_NON_LITERAL_NULL_CONVERSION = YES;
				CLANG_WARN_OBJC_IMPLICIT_RETAIN_SELF = YES;
				CLANG_WARN_OBJC_LITERAL_CONVERSION = YES;
				CLANG_WARN_OBJC_ROOT_CLASS = YES_ERROR;
				CLANG_WARN_RANGE_LOOP_ANALYSIS = YES;
				CLANG_WARN_STRICT_PROTOTYPES = YES;
				CLANG_WARN_SUSPICIOUS_MOVE = YES;
				CLANG_WARN_UNGUARDED_AVAILABILITY = YES_AGGRESSIVE;
				CLANG_WARN_UNREACHABLE_CODE = YES;
				CLANG_WARN__DUPLICATE_METHOD_MATCH = YES;
				CODE_SIGN_IDENTITY = "iPhone Developer";
				COPY_PHASE_STRIP = NO;
				DEBUG_INFORMATION_FORMAT = "dwarf-with-dsym";
				ENABLE_NS_ASSERTIONS = NO;
				ENABLE_STRICT_OBJC_MSGSEND = YES;
				GCC_C_LANGUAGE_STANDARD = gnu11;
				GCC_NO_COMMON_BLOCKS = YES;
				GCC_WARN_64_TO_32_BIT_CONVERSION = YES;
				GCC_WARN_ABOUT_RETURN_TYPE = YES_ERROR;
				GCC_WARN_UNDECLARED_SELECTOR = YES;
				GCC_WARN_UNINITIALIZED_AUTOS = YES_AGGRESSIVE;
				GCC_WARN_UNUSED_FUNCTION = YES;
				GCC_WARN_UNUSED_VARIABLE = YES;
				IPHONEOS_DEPLOYMENT_TARGET = 11.0;
				MTL_ENABLE_DEBUG_INFO = NO;
				SDKROOT = iphoneos;
				VALIDATE_PRODUCT = YES;
			};
			name = Release;
		};
		181179FE2086348600C408A1 /* Debug */ = {
			isa = XCBuildConfiguration;
			buildSettings = {
				ASSETCATALOG_COMPILER_APPICON_NAME = AppIcon;
				CODE_SIGN_ENTITLEMENTS = YAAppsCommunicationMode/YAAppsCommunicationMode.entitlements;
				CODE_SIGN_IDENTITY = "iPhone Developer";
				CODE_SIGN_STYLE = Automatic;
				DEVELOPMENT_TEAM = RSU7N269N5;
				INFOPLIST_FILE = YAAppsCommunicationMode/Info.plist;
				IPHONEOS_DEPLOYMENT_TARGET = 9.0;
				LD_RUNPATH_SEARCH_PATHS = "$(inherited) @executable_path/Frameworks";
				PRODUCT_BUNDLE_IDENTIFIER = com.lanjiying.YAAppsCommunicationMode;
				PRODUCT_NAME = "$(TARGET_NAME)";
				TARGETED_DEVICE_FAMILY = "1,2";
			};
			name = Debug;
		};
		181179FF2086348600C408A1 /* Release */ = {
			isa = XCBuildConfiguration;
			buildSettings = {
				ASSETCATALOG_COMPILER_APPICON_NAME = AppIcon;
				CODE_SIGN_ENTITLEMENTS = YAAppsCommunicationMode/YAAppsCommunicationMode.entitlements;
				CODE_SIGN_IDENTITY = "iPhone Developer";
				CODE_SIGN_STYLE = Automatic;
				DEVELOPMENT_TEAM = RSU7N269N5;
				INFOPLIST_FILE = YAAppsCommunicationMode/Info.plist;
				IPHONEOS_DEPLOYMENT_TARGET = 9.0;
				LD_RUNPATH_SEARCH_PATHS = "$(inherited) @executable_path/Frameworks";
				PRODUCT_BUNDLE_IDENTIFIER = com.lanjiying.YAAppsCommunicationMode;
				PRODUCT_NAME = "$(TARGET_NAME)";
				TARGETED_DEVICE_FAMILY = "1,2";
			};
			name = Release;
		};
		18117A012086348600C408A1 /* Debug */ = {
			isa = XCBuildConfiguration;
			buildSettings = {
				BUNDLE_LOADER = "$(TEST_HOST)";
				CODE_SIGN_STYLE = Automatic;
				DEVELOPMENT_TEAM = RSU7N269N5;
				INFOPLIST_FILE = YAAppsCommunicationModeTests/Info.plist;
				LD_RUNPATH_SEARCH_PATHS = "$(inherited) @executable_path/Frameworks @loader_path/Frameworks";
				PRODUCT_BUNDLE_IDENTIFIER = com.lanjiying.YAAppsCommunicationModeTests;
				PRODUCT_NAME = "$(TARGET_NAME)";
				TARGETED_DEVICE_FAMILY = "1,2";
				TEST_HOST = "$(BUILT_PRODUCTS_DIR)/YAAppsCommunicationMode.app/YAAppsCommunicationMode";
			};
			name = Debug;
		};
		18117A022086348600C408A1 /* Release */ = {
			isa = XCBuildConfiguration;
			buildSettings = {
				BUNDLE_LOADER = "$(TEST_HOST)";
				CODE_SIGN_STYLE = Automatic;
				DEVELOPMENT_TEAM = RSU7N269N5;
				INFOPLIST_FILE = YAAppsCommunicationModeTests/Info.plist;
				LD_RUNPATH_SEARCH_PATHS = "$(inherited) @executable_path/Frameworks @loader_path/Frameworks";
				PRODUCT_BUNDLE_IDENTIFIER = com.lanjiying.YAAppsCommunicationModeTests;
				PRODUCT_NAME = "$(TARGET_NAME)";
				TARGETED_DEVICE_FAMILY = "1,2";
				TEST_HOST = "$(BUILT_PRODUCTS_DIR)/YAAppsCommunicationMode.app/YAAppsCommunicationMode";
			};
			name = Release;
		};
		18117A042086348600C408A1 /* Debug */ = {
			isa = XCBuildConfiguration;
			buildSettings = {
				CODE_SIGN_STYLE = Automatic;
				DEVELOPMENT_TEAM = RSU7N269N5;
				INFOPLIST_FILE = YAAppsCommunicationModeUITests/Info.plist;
				LD_RUNPATH_SEARCH_PATHS = "$(inherited) @executable_path/Frameworks @loader_path/Frameworks";
				PRODUCT_BUNDLE_IDENTIFIER = com.lanjiying.YAAppsCommunicationModeUITests;
				PRODUCT_NAME = "$(TARGET_NAME)";
				TARGETED_DEVICE_FAMILY = "1,2";
				TEST_TARGET_NAME = YAAppsCommunicationMode;
			};
			name = Debug;
		};
		18117A052086348600C408A1 /* Release */ = {
			isa = XCBuildConfiguration;
			buildSettings = {
				CODE_SIGN_STYLE = Automatic;
				DEVELOPMENT_TEAM = RSU7N269N5;
				INFOPLIST_FILE = YAAppsCommunicationModeUITests/Info.plist;
				LD_RUNPATH_SEARCH_PATHS = "$(inherited) @executable_path/Frameworks @loader_path/Frameworks";
				PRODUCT_BUNDLE_IDENTIFIER = com.lanjiying.YAAppsCommunicationModeUITests;
				PRODUCT_NAME = "$(TARGET_NAME)";
				TARGETED_DEVICE_FAMILY = "1,2";
				TEST_TARGET_NAME = YAAppsCommunicationMode;
			};
			name = Release;
		};
/* End XCBuildConfiguration section */

/* Begin XCConfigurationList section */
		181179CC2086348600C408A1 /* Build configuration list for PBXProject "YAAppsCommunicationMode" */ = {
			isa = XCConfigurationList;
			buildConfigurations = (
				181179FB2086348600C408A1 /* Debug */,
				181179FC2086348600C408A1 /* Release */,
			);
			defaultConfigurationIsVisible = 0;
			defaultConfigurationName = Release;
		};
		181179FD2086348600C408A1 /* Build configuration list for PBXNativeTarget "YAAppsCommunicationMode" */ = {
			isa = XCConfigurationList;
			buildConfigurations = (
				181179FE2086348600C408A1 /* Debug */,
				181179FF2086348600C408A1 /* Release */,
			);
			defaultConfigurationIsVisible = 0;
			defaultConfigurationName = Release;
		};
		18117A002086348600C408A1 /* Build configuration list for PBXNativeTarget "YAAppsCommunicationModeTests" */ = {
			isa = XCConfigurationList;
			buildConfigurations = (
				18117A012086348600C408A1 /* Debug */,
				18117A022086348600C408A1 /* Release */,
			);
			defaultConfigurationIsVisible = 0;
			defaultConfigurationName = Release;
		};
		18117A032086348600C408A1 /* Build configuration list for PBXNativeTarget "YAAppsCommunicationModeUITests" */ = {
			isa = XCConfigurationList;
			buildConfigurations = (
				18117A042086348600C408A1 /* Debug */,
				18117A052086348600C408A1 /* Release */,
			);
			defaultConfigurationIsVisible = 0;
			defaultConfigurationName = Release;
		};
/* End XCConfigurationList section */
	};
	rootObject = 181179C92086348600C408A1 /* Project object */;
}
