// !$*UTF8*$!
{
	archiveVersion = 1;
	classes = {
	};
	objectVersion = 48;
	objects = {

/* Begin PBXBuildFile section */
		18117A202086D97B00C408A1 /* AppDelegate.m in Sources */ = {isa = PBXBuildFile; fileRef = 18117A1F2086D97B00C408A1 /* AppDelegate.m */; };
		18117A232086D97B00C408A1 /* ViewController.m in Sources */ = {isa = PBXBuildFile; fileRef = 18117A222086D97B00C408A1 /* ViewController.m */; };
		18117A262086D97B00C408A1 /* Main.storyboard in Resources */ = {isa = PBXBuildFile; fileRef = 18117A242086D97B00C408A1 /* Main.storyboard */; };
		18117A282086D97B00C408A1 /* Assets.xcassets in Resources */ = {isa = PBXBuildFile; fileRef = 18117A272086D97B00C408A1 /* Assets.xcassets */; };
		18117A2B2086D97B00C408A1 /* LaunchScreen.storyboard in Resources */ = {isa = PBXBuildFile; fileRef = 18117A292086D97B00C408A1 /* LaunchScreen.storyboard */; };
		18117A2E2086D97B00C408A1 /* main.m in Sources */ = {isa = PBXBuildFile; fileRef = 18117A2D2086D97B00C408A1 /* main.m */; };
		18117A382086D97B00C408A1 /* YAAppsCommunicationBTests.m in Sources */ = {isa = PBXBuildFile; fileRef = 18117A372086D97B00C408A1 /* YAAppsCommunicationBTests.m */; };
		18117A432086D97C00C408A1 /* YAAppsCommunicationBUITests.m in Sources */ = {isa = PBXBuildFile; fileRef = 18117A422086D97C00C408A1 /* YAAppsCommunicationBUITests.m */; };
		18330912208799C5005AB55E /* YAKeyChain.m in Sources */ = {isa = PBXBuildFile; fileRef = 18330910208799C4005AB55E /* YAKeyChain.m */; };
		1833091520879A7E005AB55E /* YACheckData.m in Sources */ = {isa = PBXBuildFile; fileRef = 1833091420879A7E005AB55E /* YACheckData.m */; };
/* End PBXBuildFile section */

/* Begin PBXContainerItemProxy section */
		18117A342086D97B00C408A1 /* PBXContainerItemProxy */ = {
			isa = PBXContainerItemProxy;
			containerPortal = 18117A132086D97B00C408A1 /* Project object */;
			proxyType = 1;
			remoteGlobalIDString = 18117A1A2086D97B00C408A1;
			remoteInfo = YAAppsCommunicationB;
		};
		18117A3F2086D97C00C408A1 /* PBXContainerItemProxy */ = {
			isa = PBXContainerItemProxy;
			containerPortal = 18117A132086D97B00C408A1 /* Project object */;
			proxyType = 1;
			remoteGlobalIDString = 18117A1A2086D97B00C408A1;
			remoteInfo = YAAppsCommunicationB;
		};
/* End PBXContainerItemProxy section */

/* Begin PBXFileReference section */
		18117A1B2086D97B00C408A1 /* YAAppsCommunicationB.app */ = {isa = PBXFileReference; explicitFileType = wrapper.application; includeInIndex = 0; path = YAAppsCommunicationB.app; sourceTree = BUILT_PRODUCTS_DIR; };
		18117A1E2086D97B00C408A1 /* AppDelegate.h */ = {isa = PBXFileReference; lastKnownFileType = sourcecode.c.h; path = AppDelegate.h; sourceTree = "<group>"; };
		18117A1F2086D97B00C408A1 /* AppDelegate.m */ = {isa = PBXFileReference; lastKnownFileType = sourcecode.c.objc; path = AppDelegate.m; sourceTree = "<group>"; };
		18117A212086D97B00C408A1 /* ViewController.h */ = {isa = PBXFileReference; lastKnownFileType = sourcecode.c.h; path = ViewController.h; sourceTree = "<group>"; };
		18117A222086D97B00C408A1 /* ViewController.m */ = {isa = PBXFileReference; lastKnownFileType = sourcecode.c.objc; path = ViewController.m; sourceTree = "<group>"; };
		18117A252086D97B00C408A1 /* Base */ = {isa = PBXFileReference; lastKnownFileType = file.storyboard; name = Base; path = Base.lproj/Main.storyboard; sourceTree = "<group>"; };
		18117A272086D97B00C408A1 /* Assets.xcassets */ = {isa = PBXFileReference; lastKnownFileType = folder.assetcatalog; path = Assets.xcassets; sourceTree = "<group>"; };
		18117A2A2086D97B00C408A1 /* Base */ = {isa = PBXFileReference; lastKnownFileType = file.storyboard; name = Base; path = Base.lproj/LaunchScreen.storyboard; sourceTree = "<group>"; };
		18117A2C2086D97B00C408A1 /* Info.plist */ = {isa = PBXFileReference; lastKnownFileType = text.plist.xml; path = Info.plist; sourceTree = "<group>"; };
		18117A2D2086D97B00C408A1 /* main.m */ = {isa = PBXFileReference; lastKnownFileType = sourcecode.c.objc; path = main.m; sourceTree = "<group>"; };
		18117A332086D97B00C408A1 /* YAAppsCommunicationBTests.xctest */ = {isa = PBXFileReference; explicitFileType = wrapper.cfbundle; includeInIndex = 0; path = YAAppsCommunicationBTests.xctest; sourceTree = BUILT_PRODUCTS_DIR; };
		18117A372086D97B00C408A1 /* YAAppsCommunicationBTests.m */ = {isa = PBXFileReference; lastKnownFileType = sourcecode.c.objc; path = YAAppsCommunicationBTests.m; sourceTree = "<group>"; };
		18117A392086D97B00C408A1 /* Info.plist */ = {isa = PBXFileReference; lastKnownFileType = text.plist.xml; path = Info.plist; sourceTree = "<group>"; };
		18117A3E2086D97C00C408A1 /* YAAppsCommunicationBUITests.xctest */ = {isa = PBXFileReference; explicitFileType = wrapper.cfbundle; includeInIndex = 0; path = YAAppsCommunicationBUITests.xctest; sourceTree = BUILT_PRODUCTS_DIR; };
		18117A422086D97C00C408A1 /* YAAppsCommunicationBUITests.m */ = {isa = PBXFileReference; lastKnownFileType = sourcecode.c.objc; path = YAAppsCommunicationBUITests.m; sourceTree = "<group>"; };
		18117A442086D97C00C408A1 /* Info.plist */ = {isa = PBXFileReference; lastKnownFileType = text.plist.xml; path = Info.plist; sourceTree = "<group>"; };
		18330910208799C4005AB55E /* YAKeyChain.m */ = {isa = PBXFileReference; fileEncoding = 4; lastKnownFileType = sourcecode.c.objc; path = YAKeyChain.m; sourceTree = "<group>"; };
		18330911208799C4005AB55E /* YAKeyChain.h */ = {isa = PBXFileReference; fileEncoding = 4; lastKnownFileType = sourcecode.c.h; path = YAKeyChain.h; sourceTree = "<group>"; };
		1833091320879A7E005AB55E /* YACheckData.h */ = {isa = PBXFileReference; lastKnownFileType = sourcecode.c.h; path = YACheckData.h; sourceTree = "<group>"; };
		1833091420879A7E005AB55E /* YACheckData.m */ = {isa = PBXFileReference; lastKnownFileType = sourcecode.c.objc; path = YACheckData.m; sourceTree = "<group>"; };
		18330995208B8156005AB55E /* YAAppsCommunicationB.entitlements */ = {isa = PBXFileReference; lastKnownFileType = text.plist.entitlements; path = YAAppsCommunicationB.entitlements; sourceTree = "<group>"; };
/* End PBXFileReference section */

/* Begin PBXFrameworksBuildPhase section */
		18117A182086D97B00C408A1 /* Frameworks */ = {
			isa = PBXFrameworksBuildPhase;
			buildActionMask = 2147483647;
			files = (
			);
			runOnlyForDeploymentPostprocessing = 0;
		};
		18117A302086D97B00C408A1 /* Frameworks */ = {
			isa = PBXFrameworksBuildPhase;
			buildActionMask = 2147483647;
			files = (
			);
			runOnlyForDeploymentPostprocessing = 0;
		};
		18117A3B2086D97C00C408A1 /* Frameworks */ = {
			isa = PBXFrameworksBuildPhase;
			buildActionMask = 2147483647;
			files = (
			);
			runOnlyForDeploymentPostprocessing = 0;
		};
/* End PBXFrameworksBuildPhase section */

/* Begin PBXGroup section */
		18117A122086D97B00C408A1 = {
			isa = PBXGroup;
			children = (
				18117A1D2086D97B00C408A1 /* YAAppsCommunicationB */,
				18117A362086D97B00C408A1 /* YAAppsCommunicationBTests */,
				18117A412086D97C00C408A1 /* YAAppsCommunicationBUITests */,
				18117A1C2086D97B00C408A1 /* Products */,
			);
			sourceTree = "<group>";
		};
		18117A1C2086D97B00C408A1 /* Products */ = {
			isa = PBXGroup;
			children = (
				18117A1B2086D97B00C408A1 /* YAAppsCommunicationB.app */,
				18117A332086D97B00C408A1 /* YAAppsCommunicationBTests.xctest */,
				18117A3E2086D97C00C408A1 /* YAAppsCommunicationBUITests.xctest */,
			);
			name = Products;
			sourceTree = "<group>";
		};
		18117A1D2086D97B00C408A1 /* YAAppsCommunicationB */ = {
			isa = PBXGroup;
			children = (
				18330995208B8156005AB55E /* YAAppsCommunicationB.entitlements */,
				18117A1E2086D97B00C408A1 /* AppDelegate.h */,
				18117A1F2086D97B00C408A1 /* AppDelegate.m */,
				18117A212086D97B00C408A1 /* ViewController.h */,
				18117A222086D97B00C408A1 /* ViewController.m */,
				1833091320879A7E005AB55E /* YACheckData.h */,
				1833091420879A7E005AB55E /* YACheckData.m */,
				18330911208799C4005AB55E /* YAKeyChain.h */,
				18330910208799C4005AB55E /* YAKeyChain.m */,
				18117A242086D97B00C408A1 /* Main.storyboard */,
				18117A272086D97B00C408A1 /* Assets.xcassets */,
				18117A292086D97B00C408A1 /* LaunchScreen.storyboard */,
				18117A2C2086D97B00C408A1 /* Info.plist */,
				18117A2D2086D97B00C408A1 /* main.m */,
			);
			path = YAAppsCommunicationB;
			sourceTree = "<group>";
		};
		18117A362086D97B00C408A1 /* YAAppsCommunicationBTests */ = {
			isa = PBXGroup;
			children = (
				18117A372086D97B00C408A1 /* YAAppsCommunicationBTests.m */,
				18117A392086D97B00C408A1 /* Info.plist */,
			);
			path = YAAppsCommunicationBTests;
			sourceTree = "<group>";
		};
		18117A412086D97C00C408A1 /* YAAppsCommunicationBUITests */ = {
			isa = PBXGroup;
			children = (
				18117A422086D97C00C408A1 /* YAAppsCommunicationBUITests.m */,
				18117A442086D97C00C408A1 /* Info.plist */,
			);
			path = YAAppsCommunicationBUITests;
			sourceTree = "<group>";
		};
/* End PBXGroup section */

/* Begin PBXNativeTarget section */
		18117A1A2086D97B00C408A1 /* YAAppsCommunicationB */ = {
			isa = PBXNativeTarget;
			buildConfigurationList = 18117A472086D97C00C408A1 /* Build configuration list for PBXNativeTarget "YAAppsCommunicationB" */;
			buildPhases = (
				18117A172086D97B00C408A1 /* Sources */,
				18117A182086D97B00C408A1 /* Frameworks */,
				18117A192086D97B00C408A1 /* Resources */,
			);
			buildRules = (
			);
			dependencies = (
			);
			name = YAAppsCommunicationB;
			productName = YAAppsCommunicationB;
			productReference = 18117A1B2086D97B00C408A1 /* YAAppsCommunicationB.app */;
			productType = "com.apple.product-type.application";
		};
		18117A322086D97B00C408A1 /* YAAppsCommunicationBTests */ = {
			isa = PBXNativeTarget;
			buildConfigurationList = 18117A4A2086D97C00C408A1 /* Build configuration list for PBXNativeTarget "YAAppsCommunicationBTests" */;
			buildPhases = (
				18117A2F2086D97B00C408A1 /* Sources */,
				18117A302086D97B00C408A1 /* Frameworks */,
				18117A312086D97B00C408A1 /* Resources */,
			);
			buildRules = (
			);
			dependencies = (
				18117A352086D97B00C408A1 /* PBXTargetDependency */,
			);
			name = YAAppsCommunicationBTests;
			productName = YAAppsCommunicationBTests;
			productReference = 18117A332086D97B00C408A1 /* YAAppsCommunicationBTests.xctest */;
			productType = "com.apple.product-type.bundle.unit-test";
		};
		18117A3D2086D97C00C408A1 /* YAAppsCommunicationBUITests */ = {
			isa = PBXNativeTarget;
			buildConfigurationList = 18117A4D2086D97C00C408A1 /* Build configuration list for PBXNativeTarget "YAAppsCommunicationBUITests" */;
			buildPhases = (
				18117A3A2086D97C00C408A1 /* Sources */,
				18117A3B2086D97C00C408A1 /* Frameworks */,
				18117A3C2086D97C00C408A1 /* Resources */,
			);
			buildRules = (
			);
			dependencies = (
				18117A402086D97C00C408A1 /* PBXTargetDependency */,
			);
			name = YAAppsCommunicationBUITests;
			productName = YAAppsCommunicationBUITests;
			productReference = 18117A3E2086D97C00C408A1 /* YAAppsCommunicationBUITests.xctest */;
			productType = "com.apple.product-type.bundle.ui-testing";
		};
/* End PBXNativeTarget section */

/* Begin PBXProject section */
		18117A132086D97B00C408A1 /* Project object */ = {
			isa = PBXProject;
			attributes = {
				LastUpgradeCheck = 0930;
				ORGANIZATIONNAME = lanjiying_Angelia;
				TargetAttributes = {
					18117A1A2086D97B00C408A1 = {
						CreatedOnToolsVersion = 9.0;
						ProvisioningStyle = Automatic;
						SystemCapabilities = {
							com.apple.Keychain = {
								enabled = 1;
							};
						};
					};
					18117A322086D97B00C408A1 = {
						CreatedOnToolsVersion = 9.0;
						ProvisioningStyle = Automatic;
						TestTargetID = 18117A1A2086D97B00C408A1;
					};
					18117A3D2086D97C00C408A1 = {
						CreatedOnToolsVersion = 9.0;
						ProvisioningStyle = Automatic;
						TestTargetID = 18117A1A2086D97B00C408A1;
					};
				};
			};
			buildConfigurationList = 18117A162086D97B00C408A1 /* Build configuration list for PBXProject "YAAppsCommunicationB" */;
			compatibilityVersion = "Xcode 8.0";
			developmentRegion = en;
			hasScannedForEncodings = 0;
			knownRegions = (
				en,
				Base,
			);
			mainGroup = 18117A122086D97B00C408A1;
			productRefGroup = 18117A1C2086D97B00C408A1 /* Products */;
			projectDirPath = "";
			projectRoot = "";
			targets = (
				18117A1A2086D97B00C408A1 /* YAAppsCommunicationB */,
				18117A322086D97B00C408A1 /* YAAppsCommunicationBTests */,
				18117A3D2086D97C00C408A1 /* YAAppsCommunicationBUITests */,
			);
		};
/* End PBXProject section */

/* Begin PBXResourcesBuildPhase section */
		18117A192086D97B00C408A1 /* Resources */ = {
			isa = PBXResourcesBuildPhase;
			buildActionMask = 2147483647;
			files = (
				18117A2B2086D97B00C408A1 /* LaunchScreen.storyboard in Resources */,
				18117A282086D97B00C408A1 /* Assets.xcassets in Resources */,
				18117A262086D97B00C408A1 /* Main.storyboard in Resources */,
			);
			runOnlyForDeploymentPostprocessing = 0;
		};
		18117A312086D97B00C408A1 /* Resources */ = {
			isa = PBXResourcesBuildPhase;
			buildActionMask = 2147483647;
			files = (
			);
			runOnlyForDeploymentPostprocessing = 0;
		};
		18117A3C2086D97C00C408A1 /* Resources */ = {
			isa = PBXResourcesBuildPhase;
			buildActionMask = 2147483647;
			files = (
			);
			runOnlyForDeploymentPostprocessing = 0;
		};
/* End PBXResourcesBuildPhase section */

/* Begin PBXSourcesBuildPhase section */
		18117A172086D97B00C408A1 /* Sources */ = {
			isa = PBXSourcesBuildPhase;
			buildActionMask = 2147483647;
			files = (
				1833091520879A7E005AB55E /* YACheckData.m in Sources */,
				18117A232086D97B00C408A1 /* ViewController.m in Sources */,
				18330912208799C5005AB55E /* YAKeyChain.m in Sources */,
				18117A2E2086D97B00C408A1 /* main.m in Sources */,
				18117A202086D97B00C408A1 /* AppDelegate.m in Sources */,
			);
			runOnlyForDeploymentPostprocessing = 0;
		};
		18117A2F2086D97B00C408A1 /* Sources */ = {
			isa = PBXSourcesBuildPhase;
			buildActionMask = 2147483647;
			files = (
				18117A382086D97B00C408A1 /* YAAppsCommunicationBTests.m in Sources */,
			);
			runOnlyForDeploymentPostprocessing = 0;
		};
		18117A3A2086D97C00C408A1 /* Sources */ = {
			isa = PBXSourcesBuildPhase;
			buildActionMask = 2147483647;
			files = (
				18117A432086D97C00C408A1 /* YAAppsCommunicationBUITests.m in Sources */,
			);
			runOnlyForDeploymentPostprocessing = 0;
		};
/* End PBXSourcesBuildPhase section */

/* Begin PBXTargetDependency section */
		18117A352086D97B00C408A1 /* PBXTargetDependency */ = {
			isa = PBXTargetDependency;
			target = 18117A1A2086D97B00C408A1 /* YAAppsCommunicationB */;
			targetProxy = 18117A342086D97B00C408A1 /* PBXContainerItemProxy */;
		};
		18117A402086D97C00C408A1 /* PBXTargetDependency */ = {
			isa = PBXTargetDependency;
			target = 18117A1A2086D97B00C408A1 /* YAAppsCommunicationB */;
			targetProxy = 18117A3F2086D97C00C408A1 /* PBXContainerItemProxy */;
		};
/* End PBXTargetDependency section */

/* Begin PBXVariantGroup section */
		18117A242086D97B00C408A1 /* Main.storyboard */ = {
			isa = PBXVariantGroup;
			children = (
				18117A252086D97B00C408A1 /* Base */,
			);
			name = Main.storyboard;
			sourceTree = "<group>";
		};
		18117A292086D97B00C408A1 /* LaunchScreen.storyboard */ = {
			isa = PBXVariantGroup;
			children = (
				18117A2A2086D97B00C408A1 /* Base */,
			);
			name = LaunchScreen.storyboard;
			sourceTree = "<group>";
		};
/* End PBXVariantGroup section */

/* Begin XCBuildConfiguration section */
		18117A452086D97C00C408A1 /* Debug */ = {
			isa = XCBuildConfiguration;
			buildSettings = {
				ALWAYS_SEARCH_USER_PATHS = NO;
				CLANG_ANALYZER_NONNULL = YES;
				CLANG_ANALYZER_NUMBER_OBJECT_CONVERSION = YES_AGGRESSIVE;
				CLANG_CXX_LANGUAGE_STANDARD = "gnu++14";
				CLANG_CXX_LIBRARY = "libc++";
				CLANG_ENABLE_MODULES = YES;
				CLANG_ENABLE_OBJC_ARC = YES;
				CLANG_WARN_BLOCK_CAPTURE_AUTORELEASING = YES;
				CLANG_WARN_BOOL_CONVERSION = YES;
				CLANG_WARN_COMMA = YES;
				CLANG_WARN_CONSTANT_CONVERSION = YES;
				CLANG_WARN_DEPRECATED_OBJC_IMPLEMENTATIONS = YES;
				CLANG_WARN_DIRECT_OBJC_ISA_USAGE = YES_ERROR;
				CLANG_WARN_DOCUMENTATION_COMMENTS = YES;
				CLANG_WARN_EMPTY_BODY = YES;
				CLANG_WARN_ENUM_CONVERSION = YES;
				CLANG_WARN_INFINITE_RECURSION = YES;
				CLANG_WARN_INT_CONVERSION = YES;
				CLANG_WARN_NON_LITERAL_NULL_CONVERSION = YES;
				CLANG_WARN_OBJC_IMPLICIT_RETAIN_SELF = YES;
				CLANG_WARN_OBJC_LITERAL_CONVERSION = YES;
				CLANG_WARN_OBJC_ROOT_CLASS = YES_ERROR;
				CLANG_WARN_RANGE_LOOP_ANALYSIS = YES;
				CLANG_WARN_STRICT_PROTOTYPES = YES;
				CLANG_WARN_SUSPICIOUS_MOVE = YES;
				CLANG_WARN_UNGUARDED_AVAILABILITY = YES_AGGRESSIVE;
				CLANG_WARN_UNREACHABLE_CODE = YES;
				CLANG_WARN__DUPLICATE_METHOD_MATCH = YES;
				CODE_SIGN_IDENTITY = "iPhone Developer";
				COPY_PHASE_STRIP = NO;
				DEBUG_INFORMATION_FORMAT = dwarf;
				ENABLE_STRICT_OBJC_MSGSEND = YES;
				ENABLE_TESTABILITY = YES;
				GCC_C_LANGUAGE_STANDARD = gnu11;
				GCC_DYNAMIC_NO_PIC = NO;
				GCC_NO_COMMON_BLOCKS = YES;
				GCC_OPTIMIZATION_LEVEL = 0;
				GCC_PREPROCESSOR_DEFINITIONS = (
					"DEBUG=1",
					"$(inherited)",
				);
				GCC_WARN_64_TO_32_BIT_CONVERSION = YES;
				GCC_WARN_ABOUT_RETURN_TYPE = YES_ERROR;
				GCC_WARN_UNDECLARED_SELECTOR = YES;
				GCC_WARN_UNINITIALIZED_AUTOS = YES_AGGRESSIVE;
				GCC_WARN_UNUSED_FUNCTION = YES;
				GCC_WARN_UNUSED_VARIABLE = YES;
				IPHONEOS_DEPLOYMENT_TARGET = 9.0;
				MTL_ENABLE_DEBUG_INFO = YES;
				ONLY_ACTIVE_ARCH = YES;
				SDKROOT = iphoneos;
			};
			name = Debug;
		};
		18117A462086D97C00C408A1 /* Release */ = {
			isa = XCBuildConfiguration;
			buildSettings = {
				ALWAYS_SEARCH_USER_PATHS = NO;
				CLANG_ANALYZER_NONNULL = YES;
				CLANG_ANALYZER_NUMBER_OBJECT_CONVERSION = YES_AGGRESSIVE;
				CLANG_CXX_LANGUAGE_STANDARD = "gnu++14";
				CLANG_CXX_LIBRARY = "libc++";
				CLANG_ENABLE_MODULES = YES;
				CLANG_ENABLE_OBJC_ARC = YES;
				CLANG_WARN_BLOCK_CAPTURE_AUTORELEASING = YES;
				CLANG_WARN_BOOL_CONVERSION = YES;
				CLANG_WARN_COMMA = YES;
				CLANG_WARN_CONSTANT_CONVERSION = YES;
				CLANG_WARN_DEPRECATED_OBJC_IMPLEMENTATIONS = YES;
				CLANG_WARN_DIRECT_OBJC_ISA_USAGE = YES_ERROR;
				CLANG_WARN_DOCUMENTATION_COMMENTS = YES;
				CLANG_WARN_EMPTY_BODY = YES;
				CLANG_WARN_ENUM_CONVERSION = YES;
				CLANG_WARN_INFINITE_RECURSION = YES;
				CLANG_WARN_INT_CONVERSION = YES;
				CLANG_WARN_NON_LITERAL_NULL_CONVERSION = YES;
				CLANG_WARN_OBJC_IMPLICIT_RETAIN_SELF = YES;
				CLANG_WARN_OBJC_LITERAL_CONVERSION = YES;
				CLANG_WARN_OBJC_ROOT_CLASS = YES_ERROR;
				CLANG_WARN_RANGE_LOOP_ANALYSIS = YES;
				CLANG_WARN_STRICT_PROTOTYPES = YES;
				CLANG_WARN_SUSPICIOUS_MOVE = YES;
				CLANG_WARN_UNGUARDED_AVAILABILITY = YES_AGGRESSIVE;
				CLANG_WARN_UNREACHABLE_CODE = YES;
				CLANG_WARN__DUPLICATE_METHOD_MATCH = YES;
				CODE_SIGN_IDENTITY = "iPhone Developer";
				COPY_PHASE_STRIP = NO;
				DEBUG_INFORMATION_FORMAT = "dwarf-with-dsym";
				ENABLE_NS_ASSERTIONS = NO;
				ENABLE_STRICT_OBJC_MSGSEND = YES;
				GCC_C_LANGUAGE_STANDARD = gnu11;
				GCC_NO_COMMON_BLOCKS = YES;
				GCC_WARN_64_TO_32_BIT_CONVERSION = YES;
				GCC_WARN_ABOUT_RETURN_TYPE = YES_ERROR;
				GCC_WARN_UNDECLARED_SELECTOR = YES;
				GCC_WARN_UNINITIALIZED_AUTOS = YES_AGGRESSIVE;
				GCC_WARN_UNUSED_FUNCTION = YES;
				GCC_WARN_UNUSED_VARIABLE = YES;
				IPHONEOS_DEPLOYMENT_TARGET = 9.0;
				MTL_ENABLE_DEBUG_INFO = NO;
				SDKROOT = iphoneos;
				VALIDATE_PRODUCT = YES;
			};
			name = Release;
		};
		18117A482086D97C00C408A1 /* Debug */ = {
			isa = XCBuildConfiguration;
			buildSettings = {
				ASSETCATALOG_COMPILER_APPICON_NAME = AppIcon;
				CODE_SIGN_ENTITLEMENTS = YAAppsCommunicationB/YAAppsCommunicationB.entitlements;
				CODE_SIGN_IDENTITY = "iPhone Developer";
				CODE_SIGN_STYLE = Automatic;
				DEVELOPMENT_TEAM = RSU7N269N5;
				INFOPLIST_FILE = YAAppsCommunicationB/Info.plist;
				LD_RUNPATH_SEARCH_PATHS = "$(inherited) @executable_path/Frameworks";
				PRODUCT_BUNDLE_IDENTIFIER = com.lanjiying.YAAppsCommunicationB;
				PRODUCT_NAME = "$(TARGET_NAME)";
				TARGETED_DEVICE_FAMILY = "1,2";
			};
			name = Debug;
		};
		18117A492086D97C00C408A1 /* Release */ = {
			isa = XCBuildConfiguration;
			buildSettings = {
				ASSETCATALOG_COMPILER_APPICON_NAME = AppIcon;
				CODE_SIGN_ENTITLEMENTS = YAAppsCommunicationB/YAAppsCommunicationB.entitlements;
				CODE_SIGN_IDENTITY = "iPhone Developer";
				CODE_SIGN_STYLE = Automatic;
				DEVELOPMENT_TEAM = RSU7N269N5;
				INFOPLIST_FILE = YAAppsCommunicationB/Info.plist;
				LD_RUNPATH_SEARCH_PATHS = "$(inherited) @executable_path/Frameworks";
				PRODUCT_BUNDLE_IDENTIFIER = com.lanjiying.YAAppsCommunicationB;
				PRODUCT_NAME = "$(TARGET_NAME)";
				TARGETED_DEVICE_FAMILY = "1,2";
			};
			name = Release;
		};
		18117A4B2086D97C00C408A1 /* Debug */ = {
			isa = XCBuildConfiguration;
			buildSettings = {
				BUNDLE_LOADER = "$(TEST_HOST)";
				CODE_SIGN_STYLE = Automatic;
				DEVELOPMENT_TEAM = 2E7NUC5MK3;
				INFOPLIST_FILE = YAAppsCommunicationBTests/Info.plist;
				LD_RUNPATH_SEARCH_PATHS = "$(inherited) @executable_path/Frameworks @loader_path/Frameworks";
				PRODUCT_BUNDLE_IDENTIFIER = com.lanjiying.YAAppsCommunicationBTests;
				PRODUCT_NAME = "$(TARGET_NAME)";
				TARGETED_DEVICE_FAMILY = "1,2";
				TEST_HOST = "$(BUILT_PRODUCTS_DIR)/YAAppsCommunicationB.app/YAAppsCommunicationB";
			};
			name = Debug;
		};
		18117A4C2086D97C00C408A1 /* Release */ = {
			isa = XCBuildConfiguration;
			buildSettings = {
				BUNDLE_LOADER = "$(TEST_HOST)";
				CODE_SIGN_STYLE = Automatic;
				DEVELOPMENT_TEAM = 2E7NUC5MK3;
				INFOPLIST_FILE = YAAppsCommunicationBTests/Info.plist;
				LD_RUNPATH_SEARCH_PATHS = "$(inherited) @executable_path/Frameworks @loader_path/Frameworks";
				PRODUCT_BUNDLE_IDENTIFIER = com.lanjiying.YAAppsCommunicationBTests;
				PRODUCT_NAME = "$(TARGET_NAME)";
				TARGETED_DEVICE_FAMILY = "1,2";
				TEST_HOST = "$(BUILT_PRODUCTS_DIR)/YAAppsCommunicationB.app/YAAppsCommunicationB";
			};
			name = Release;
		};
		18117A4E2086D97C00C408A1 /* Debug */ = {
			isa = XCBuildConfiguration;
			buildSettings = {
				CODE_SIGN_STYLE = Automatic;
				DEVELOPMENT_TEAM = 2E7NUC5MK3;
				INFOPLIST_FILE = YAAppsCommunicationBUITests/Info.plist;
				LD_RUNPATH_SEARCH_PATHS = "$(inherited) @executable_path/Frameworks @loader_path/Frameworks";
				PRODUCT_BUNDLE_IDENTIFIER = com.lanjiying.YAAppsCommunicationBUITests;
				PRODUCT_NAME = "$(TARGET_NAME)";
				TARGETED_DEVICE_FAMILY = "1,2";
				TEST_TARGET_NAME = YAAppsCommunicationB;
			};
			name = Debug;
		};
		18117A4F2086D97C00C408A1 /* Release */ = {
			isa = XCBuildConfiguration;
			buildSettings = {
				CODE_SIGN_STYLE = Automatic;
				DEVELOPMENT_TEAM = 2E7NUC5MK3;
				INFOPLIST_FILE = YAAppsCommunicationBUITests/Info.plist;
				LD_RUNPATH_SEARCH_PATHS = "$(inherited) @executable_path/Frameworks @loader_path/Frameworks";
				PRODUCT_BUNDLE_IDENTIFIER = com.lanjiying.YAAppsCommunicationBUITests;
				PRODUCT_NAME = "$(TARGET_NAME)";
				TARGETED_DEVICE_FAMILY = "1,2";
				TEST_TARGET_NAME = YAAppsCommunicationB;
			};
			name = Release;
		};
/* End XCBuildConfiguration section */

/* Begin XCConfigurationList section */
		18117A162086D97B00C408A1 /* Build configuration list for PBXProject "YAAppsCommunicationB" */ = {
			isa = XCConfigurationList;
			buildConfigurations = (
				18117A452086D97C00C408A1 /* Debug */,
				18117A462086D97C00C408A1 /* Release */,
			);
			defaultConfigurationIsVisible = 0;
			defaultConfigurationName = Release;
		};
		18117A472086D97C00C408A1 /* Build configuration list for PBXNativeTarget "YAAppsCommunicationB" */ = {
			isa = XCConfigurationList;
			buildConfigurations = (
				18117A482086D97C00C408A1 /* Debug */,
				18117A492086D97C00C408A1 /* Release */,
			);
			defaultConfigurationIsVisible = 0;
			defaultConfigurationName = Release;
		};
		18117A4A2086D97C00C408A1 /* Build configuration list for PBXNativeTarget "YAAppsCommunicationBTests" */ = {
			isa = XCConfigurationList;
			buildConfigurations = (
				18117A4B2086D97C00C408A1 /* Debug */,
				18117A4C2086D97C00C408A1 /* Release */,
			);
			defaultConfigurationIsVisible = 0;
			defaultConfigurationName = Release;
		};
		18117A4D2086D97C00C408A1 /* Build configuration list for PBXNativeTarget "YAAppsCommunicationBUITests" */ = {
			isa = XCConfigurationList;
			buildConfigurations = (
				18117A4E2086D97C00C408A1 /* Debug */,
				18117A4F2086D97C00C408A1 /* Release */,
			);
			defaultConfigurationIsVisible = 0;
			defaultConfigurationName = Release;
		};
/* End XCConfigurationList section */
	};
	rootObject = 18117A132086D97B00C408A1 /* Project object */;
}
